
Microsoft Visual Studio Solution File, Format Version 12.00
# Visual Studio Version 16
VisualStudioVersion = 16.0.33328.57
MinimumVisualStudioVersion = 10.0.40219.1
Project("{FAE04EC0-301F-11D3-BF4B-00C04F79EFBC}") = "Bai1", "ConsoleApp1\Bai1.csproj", "{B63347CB-FA42-4CAA-AECF-CE6EDB34B035}"
EndProject
Global
	GlobalSection(SolutionConfigurationPlatforms) = preSolution
		Debug|Any CPU = Debug|Any CPU
		Release|Any CPU = Release|Any CPU
	EndGlobalSection
	GlobalSection(ProjectConfigurationPlatforms) = postSolution
		{B63347CB-FA42-4CAA-AECF-CE6EDB34B035}.Debug|Any CPU.ActiveCfg = Debug|Any CPU
		{B63347CB-FA42-4CAA-AECF-CE6EDB34B035}.Debug|Any CPU.Build.0 = Debug|Any CPU
		{B63347CB-FA42-4CAA-AECF-CE6EDB34B035}.Release|Any CPU.ActiveCfg = Release|Any CPU
		{B63347CB-FA42-4CAA-AECF-CE6EDB34B035}.Release|Any CPU.Build.0 = Release|Any CPU
	EndGlobalSection
	GlobalSection(SolutionProperties) = preSolution
		HideSolutionNode = FALSE
	EndGlobalSection
	GlobalSection(ExtensibilityGlobals) = postSolution
		SolutionGuid = {DBDEBAEB-9430-450E-9F1F-F1BBB048EA15}
	EndGlobalSection
EndGlobal
